{
  "name": "skill-meta-skill",
  "version": "0.1.0",
  "lockfileVersion": 3,
  "requires": true,
  "packages": {
    "": {
      "name": "skill-meta-skill",
      "version": "0.1.0",
      "license": "Apache-2.0",
      "bin": {
        "meta-skill": "bin/meta-skill.js"
      },
      "engines": {
        "node": ">=18"
      }
    }
  }
}
